PODS:
  - boost (1.59.0):
    - boost/graph-includes (= 1.59.0)
    - boost/math-includes (= 1.59.0)
    - boost/numeric-includes (= 1.59.0)
    - boost/pointer_cast-includes (= 1.59.0)
    - boost/preprocessor-includes (= 1.59.0)
    - boost/shared_ptr-includes (= 1.59.0)
    - boost/string_algorithms-includes (= 1.59.0)
  - boost/graph-includes (1.59.0)
  - boost/math-includes (1.59.0)
  - boost/numeric-includes (1.59.0)
  - boost/pointer_cast-includes (1.59.0)
  - boost/preprocessor-includes (1.59.0)
  - boost/shared_ptr-includes (1.59.0)
  - boost/string_algorithms-includes (1.59.0)
  - DoubleConversion (1.1.5)
  - FLAnimatedImage (1.0.12)
  - Folly (2016.09.26.00):
    - boost
    - DoubleConversion
    - GLog
  - GLog (0.3.4)
  - libwebp (1.0.2):
    - libwebp/core (= 1.0.2)
    - libwebp/dec (= 1.0.2)
    - libwebp/demux (= 1.0.2)
    - libwebp/dsp (= 1.0.2)
    - libwebp/enc (= 1.0.2)
    - libwebp/mux (= 1.0.2)
    - libwebp/utils (= 1.0.2)
    - libwebp/webp (= 1.0.2)
  - libwebp/core (1.0.2):
    - libwebp/webp
  - libwebp/dec (1.0.2):
    - libwebp/core
  - libwebp/demux (1.0.2):
    - libwebp/core
  - libwebp/dsp (1.0.2):
    - libwebp/core
  - libwebp/enc (1.0.2):
    - libwebp/core
  - libwebp/mux (1.0.2):
    - libwebp/core
  - libwebp/utils (1.0.2):
    - libwebp/core
  - libwebp/webp (1.0.2)
  - React/Core (0.52.3):
    - yoga (= 0.52.3.React)
  - React/CxxBridge (0.52.3):
    - Folly (= 2016.09.26.00)
    - React/Core
    - React/cxxreact
  - React/cxxreact (0.52.3):
    - boost
    - Folly (= 2016.09.26.00)
    - React/jschelpers
    - React/jsinspector
  - React/DevSupport (0.52.3):
    - React/Core
    - React/RCTWebSocket
  - React/fishhook (0.52.3)
  - React/jschelpers (0.52.3):
    - Folly (= 2016.09.26.00)
    - React/PrivateDatabase
  - React/jsinspector (0.52.3)
  - React/PrivateDatabase (0.52.3)
  - React/RCTBlob (0.52.3):
    - React/Core
  - React/RCTImage (0.52.3):
    - React/Core
    - React/RCTNetwork
  - React/RCTNetwork (0.52.3):
    - React/Core
  - React/RCTSettings (0.52.3):
    - React/Core
  - React/RCTWebSocket (0.52.3):
    - React/Core
    - React/fishhook
    - React/RCTBlob
  - SDWebImage/Core (4.4.6)
  - SDWebImage/GIF (4.4.6):
    - FLAnimatedImage (~> 1.0)
    - SDWebImage/Core
  - SDWebImage/WebP (4.4.6):
    - libwebp (>= 0.5)
    - SDWebImage/Core
  - yoga (0.52.3.React)

DEPENDENCIES:
  - DoubleConversion (from `../node_modules/react-native/third-party-podspecs/DoubleConversion.podspec`)
  - FLAnimatedImage
  - Folly (from `../node_modules/react-native/third-party-podspecs/Folly.podspec`)
  - GLog (from `../node_modules/react-native/third-party-podspecs/GLog.podspec`)
  - React/Core (from `../node_modules/react-native`)
  - React/CxxBridge (from `../node_modules/react-native`)
  - React/DevSupport (from `../node_modules/react-native`)
  - React/RCTImage (from `../node_modules/react-native`)
  - React/RCTSettings (from `../node_modules/react-native`)
  - SDWebImage/Core
  - SDWebImage/GIF
  - SDWebImage/WebP
  - yoga (from `../node_modules/react-native/ReactCommon/yoga/yoga.podspec`)

SPEC REPOS:
  https://github.com/cocoapods/specs.git:
    - boost
    - FLAnimatedImage
    - libwebp
    - SDWebImage

EXTERNAL SOURCES:
  DoubleConversion:
    :podspec: "../node_modules/react-native/third-party-podspecs/DoubleConversion.podspec"
  Folly:
    :podspec: "../node_modules/react-native/third-party-podspecs/Folly.podspec"
  GLog:
    :podspec: "../node_modules/react-native/third-party-podspecs/GLog.podspec"
  React:
    :path: "../node_modules/react-native"
  yoga:
    :path: "../node_modules/react-native/ReactCommon/yoga/yoga.podspec"

SPEC CHECKSUMS:
  boost: d8df75f3e409e1de63ca866d0ddcea2c70153662
  DoubleConversion: ebb6747c5b66026ad4f97b789c3ceac6f18e57a6
  FLAnimatedImage: 4a0b56255d9b05f18b6dd7ee06871be5d3b89e31
  Folly: b7255b29f1d693c375d642d0f04f0592181156d9
  GLog: 3e4e4ae9746ce6bf6e9420c7fc1e08ad59c8ba1a
  libwebp: b068a3bd7c45f7460f6715be7bed1a18fd5d6b48
  React: c0dfd2dfc970019d1ae7d48bf24cef530992e079
  SDWebImage: 3f3f0c02f09798048c47a5ed0a13f17b063572d8
  yoga: f45a46b966e1eb0c7a532cfd4beec5b97332ba48

PODFILE CHECKSUM: fe5120e41ac90b7447a07d3cea1e9ccaefe20997

COCOAPODS: 1.6.1
